
Microsoft Visual Studio Solution File, Format Version 12.00
# Visual Studio 14
VisualStudioVersion = 14.0.23107.0
MinimumVisualStudioVersion = 10.0.40219.1
Project("{F184B08F-C81C-45F6-A57F-5ABD9991F28F}") = "TestWpf", "TestWpf\TestWpf.vbproj", "{648DE3EA-EEF2-41FC-9BBC-7BF0FE4F205D}"
EndProject
Project("{F184B08F-C81C-45F6-A57F-5ABD9991F28F}") = "Rstyx.Utilities", "Utilities\Rstyx.Utilities.vbproj", "{0540C80D-0672-425A-A4D7-E8D83C4CCB06}"
EndProject
Global
	GlobalSection(SolutionConfigurationPlatforms) = preSolution
		Debug|Any CPU = Debug|Any CPU
		Debug|Mixed Platforms = Debug|Mixed Platforms
		Debug|x86 = Debug|x86
		Release|Any CPU = Release|Any CPU
		Release|Mixed Platforms = Release|Mixed Platforms
		Release|x86 = Release|x86
	EndGlobalSection
	GlobalSection(ProjectConfigurationPlatforms) = postSolution
		{648DE3EA-EEF2-41FC-9BBC-7BF0FE4F205D}.Debug|Any CPU.ActiveCfg = Debug|x86
		{648DE3EA-EEF2-41FC-9BBC-7BF0FE4F205D}.Debug|Any CPU.Build.0 = Debug|x86
		{648DE3EA-EEF2-41FC-9BBC-7BF0FE4F205D}.Debug|Mixed Platforms.ActiveCfg = Debug|x86
		{648DE3EA-EEF2-41FC-9BBC-7BF0FE4F205D}.Debug|Mixed Platforms.Build.0 = Debug|x86
		{648DE3EA-EEF2-41FC-9BBC-7BF0FE4F205D}.Debug|x86.ActiveCfg = Debug|x86
		{648DE3EA-EEF2-41FC-9BBC-7BF0FE4F205D}.Debug|x86.Build.0 = Debug|x86
		{648DE3EA-EEF2-41FC-9BBC-7BF0FE4F205D}.Release|Any CPU.ActiveCfg = Release|x86
		{648DE3EA-EEF2-41FC-9BBC-7BF0FE4F205D}.Release|Any CPU.Build.0 = Release|x86
		{648DE3EA-EEF2-41FC-9BBC-7BF0FE4F205D}.Release|Mixed Platforms.ActiveCfg = Release|x86
		{648DE3EA-EEF2-41FC-9BBC-7BF0FE4F205D}.Release|Mixed Platforms.Build.0 = Release|x86
		{648DE3EA-EEF2-41FC-9BBC-7BF0FE4F205D}.Release|x86.ActiveCfg = Release|x86
		{648DE3EA-EEF2-41FC-9BBC-7BF0FE4F205D}.Release|x86.Build.0 = Release|x86
		{0540C80D-0672-425A-A4D7-E8D83C4CCB06}.Debug|Any CPU.ActiveCfg = Debug|Any CPU
		{0540C80D-0672-425A-A4D7-E8D83C4CCB06}.Debug|Any CPU.Build.0 = Debug|Any CPU
		{0540C80D-0672-425A-A4D7-E8D83C4CCB06}.Debug|Mixed Platforms.ActiveCfg = Debug|Any CPU
		{0540C80D-0672-425A-A4D7-E8D83C4CCB06}.Debug|Mixed Platforms.Build.0 = Debug|Any CPU
		{0540C80D-0672-425A-A4D7-E8D83C4CCB06}.Debug|x86.ActiveCfg = Debug|Any CPU
		{0540C80D-0672-425A-A4D7-E8D83C4CCB06}.Debug|x86.Build.0 = Debug|Any CPU
		{0540C80D-0672-425A-A4D7-E8D83C4CCB06}.Release|Any CPU.ActiveCfg = Release|Any CPU
		{0540C80D-0672-425A-A4D7-E8D83C4CCB06}.Release|Any CPU.Build.0 = Release|Any CPU
		{0540C80D-0672-425A-A4D7-E8D83C4CCB06}.Release|Mixed Platforms.ActiveCfg = Release|Any CPU
		{0540C80D-0672-425A-A4D7-E8D83C4CCB06}.Release|Mixed Platforms.Build.0 = Release|Any CPU
		{0540C80D-0672-425A-A4D7-E8D83C4CCB06}.Release|x86.ActiveCfg = Release|Any CPU
	EndGlobalSection
	GlobalSection(SolutionProperties) = preSolution
		HideSolutionNode = FALSE
	EndGlobalSection
EndGlobal
